# -------------------------------------------------------------------------- #
#
# Copyright (C) 1991-2009 Altera Corporation
# Your use of Altera Corporation's design tools, logic functions 
# and other software and tools, and its AMPP partner logic 
# functions, and any output files from any of the foregoing 
# (including device programming or simulation files), and any 
# associated documentation or information are expressly subject 
# to the terms and conditions of the Altera Program License 
# Subscription Agreement, Altera MegaCore Function License 
# Agreement, or other applicable license agreement, including, 
# without limitation, that your use is for the sole purpose of 
# programming logic devices manufactured by Altera and sold by 
# Altera or its authorized distributors.  Please refer to the 
# applicable agreement for further details.
#
# -------------------------------------------------------------------------- #
#
# Quartus II
# Version 9.0 Build 235 06/17/2009 Service Pack 2 SJ Full Version
# Date created = 21:34:10  September 21, 2010
#
# -------------------------------------------------------------------------- #
#
# Notes:
#
# 1) The default values for assignments are stored in the file:
#		Sound_assignment_defaults.qdf
#    If this file doesn't exist, see file:
#		assignment_defaults.qdf
#
# 2) Altera recommends that you do not modify this file. This
#    file is updated automatically by the Quartus II software
#    and any changes you make may be lost or overwritten.
#
# -------------------------------------------------------------------------- #

set_global_assignment -name FAMILY "Cyclone IV E"
set_global_assignment -name DEVICE EP4CE115F29C7
set_global_assignment -name TOP_LEVEL_ENTITY Sound
set_global_assignment -name ORIGINAL_QUARTUS_VERSION "9.0 SP2"
set_global_assignment -name PROJECT_CREATION_TIME_DATE "21:34:10  SEPTEMBER 21, 2010"
set_global_assignment -name LAST_QUARTUS_VERSION "12.1 SP1.33"
set_global_assignment -name USE_GENERATED_PHYSICAL_CONSTRAINTS OFF -section_id eda_blast_fpga
set_global_assignment -name SEARCH_PATH ieee/
set_global_assignment -name CYCLONEII_OPTIMIZATION_TECHNIQUE AREA
set_global_assignment -name STRATIX_DEVICE_IO_STANDARD "3.3-V LVTTL"
set_global_assignment -name MIN_CORE_JUNCTION_TEMP 0
set_global_assignment -name MAX_CORE_JUNCTION_TEMP 85
set_global_assignment -name EDA_SIMULATION_TOOL "ModelSim (VHDL)"
set_global_assignment -name EDA_TIME_SCALE "1 ps" -section_id eda_simulation
set_global_assignment -name EDA_OUTPUT_DATA_FORMAT VHDL -section_id eda_simulation
set_global_assignment -name VHDL_FILE group_no.vhd
set_global_assignment -name BDF_FILE Sound.bdf
set_global_assignment -name VHDL_FILE Application.vhd
set_global_assignment -name BDF_FILE SndDriver.bdf

# Codec pins
set_location_assignment PIN_D2 -to adcdat
set_location_assignment PIN_C2 -to adclrc
set_location_assignment PIN_E3 -to daclrc
set_location_assignment PIN_D1 -to dacdat
set_location_assignment PIN_E1 -to mclk
set_location_assignment PIN_F2 -to bclk

# misc pins
set_location_assignment PIN_Y2 -to clk
set_location_assignment PIN_M23 -to rstn
set_location_assignment PIN_AC26 -to SW[5]
set_location_assignment PIN_AD26 -to SW[6]
set_location_assignment PIN_AB26 -to SW[7]
set_location_assignment PIN_AA17 -to HEX6[0]
set_location_assignment PIN_AB16 -to HEX6[1]
set_location_assignment PIN_AA16 -to HEX6[2]
set_location_assignment PIN_AB17 -to HEX6[3]
set_location_assignment PIN_AB15 -to HEX6[4]
set_location_assignment PIN_AA15 -to HEX6[5]
set_location_assignment PIN_AC17 -to HEX6[6]
set_location_assignment PIN_AD17 -to HEX7[0]
set_location_assignment PIN_AE17 -to HEX7[1]
set_location_assignment PIN_AG17 -to HEX7[2]
set_location_assignment PIN_AH17 -to HEX7[3]
set_location_assignment PIN_AF17 -to HEX7[4]
set_location_assignment PIN_AG18 -to HEX7[5]
set_location_assignment PIN_AA14 -to HEX7[6]
set_location_assignment PIN_G19 -to LEDR[0]
set_location_assignment PIN_F19 -to LEDR[1]
set_location_assignment PIN_E19 -to LEDR[2]
set_location_assignment PIN_F21 -to LEDR[3]
set_location_assignment PIN_F18 -to LEDR[4]
set_location_assignment PIN_E18 -to LEDR[5]
set_location_assignment PIN_J19 -to LEDR[6]
set_location_assignment PIN_H19 -to LEDR[7]
set_location_assignment PIN_J17 -to LEDR[8]
set_location_assignment PIN_G17 -to LEDR[9]
set_location_assignment PIN_J15 -to LEDR[10]
set_location_assignment PIN_H16 -to LEDR[11]
set_location_assignment PIN_J16 -to LEDR[12]
set_location_assignment PIN_H17 -to LEDR[13]
set_location_assignment PIN_F15 -to LEDR[14]
set_location_assignment PIN_G15 -to LEDR[15]
set_location_assignment PIN_G16 -to LEDR[16]
set_location_assignment PIN_H15 -to LEDR[17]


set_global_assignment -name VHDL_FILE ctrl.vhd
set_global_assignment -name VHDL_FILE Channel_Mod.vhd
set_global_assignment -name VHDL_FILE mux_audio.vhd
set_global_assignment -name VHDL_FILE volume_block.vhd
set_global_assignment -name VHDL_FILE keyboard_decoder.vhd
set_global_assignment -name PARTITION_NETLIST_TYPE SOURCE -section_id Top
set_global_assignment -name PARTITION_COLOR 16764057 -section_id Top
set_global_assignment -name LL_ROOT_REGION ON -section_id "Root Region"
set_global_assignment -name LL_MEMBER_STATE LOCKED -section_id "Root Region"
set_global_assignment -name PARTITION_FITTER_PRESERVATION_LEVEL PLACEMENT_AND_ROUTING -section_id Top
set_instance_assignment -name PARTITION_HIERARCHY root_partition -to | -section_id Top